
Microsoft Visual Studio Solution File, Format Version 11.00
# Visual Studio 2010
Project("{FAE04EC0-301F-11D3-BF4B-00C04F79EFBC}") = "PageObject", "PageObject.csproj", "{37E140D1-2362-418A-B79B-09167B7AAD74}"
EndProject
Project("{FAE04EC0-301F-11D3-BF4B-00C04F79EFBC}") = "PageObjects.Features", "..\Features\PageObjects.Features\PageObjects.Features.csproj", "{FD649339-CDFD-4E2F-AE69-A2F29A32E9F5}"
EndProject
Global
	GlobalSection(SolutionConfigurationPlatforms) = preSolution
		Debug|Any CPU = Debug|Any CPU
		Release|Any CPU = Release|Any CPU
	EndGlobalSection
	GlobalSection(ProjectConfigurationPlatforms) = postSolution
		{37E140D1-2362-418A-B79B-09167B7AAD74}.Debug|Any CPU.ActiveCfg = Debug|Any CPU
		{37E140D1-2362-418A-B79B-09167B7AAD74}.Debug|Any CPU.Build.0 = Debug|Any CPU
		{37E140D1-2362-418A-B79B-09167B7AAD74}.Release|Any CPU.ActiveCfg = Release|Any CPU
		{37E140D1-2362-418A-B79B-09167B7AAD74}.Release|Any CPU.Build.0 = Release|Any CPU
		{FD649339-CDFD-4E2F-AE69-A2F29A32E9F5}.Debug|Any CPU.ActiveCfg = Debug|Any CPU
		{FD649339-CDFD-4E2F-AE69-A2F29A32E9F5}.Debug|Any CPU.Build.0 = Debug|Any CPU
		{FD649339-CDFD-4E2F-AE69-A2F29A32E9F5}.Release|Any CPU.ActiveCfg = Release|Any CPU
		{FD649339-CDFD-4E2F-AE69-A2F29A32E9F5}.Release|Any CPU.Build.0 = Release|Any CPU
	EndGlobalSection
	GlobalSection(SolutionProperties) = preSolution
		HideSolutionNode = FALSE
	EndGlobalSection
EndGlobal
